// !$*UTF8*$!
{
	archiveVersion = 1;
	classes = {
	};
	objectVersion = 50;
	objects = {

/* Begin PBXBuildFile section */
		49C3AE802141CEC70065D991 /* AppDelegate.swift in Sources */ = {isa = PBXBuildFile; fileRef = 49C3AE7F2141CEC70065D991 /* AppDelegate.swift */; };
		49C3AE822141CEC70065D991 /* ViewController.swift in Sources */ = {isa = PBXBuildFile; fileRef = 49C3AE812141CEC70065D991 /* ViewController.swift */; };
		49C3AE852141CEC70065D991 /* Main.storyboard in Resources */ = {isa = PBXBuildFile; fileRef = 49C3AE832141CEC70065D991 /* Main.storyboard */; };
		49C3AE872141CEC80065D991 /* Assets.xcassets in Resources */ = {isa = PBXBuildFile; fileRef = 49C3AE862141CEC80065D991 /* Assets.xcassets */; };
		49C3AE8A2141CEC80065D991 /* LaunchScreen.storyboard in Resources */ = {isa = PBXBuildFile; fileRef = 49C3AE882141CEC80065D991 /* LaunchScreen.storyboard */; };
		49C3AE952141CEC80065D991 /* XCServerTests.swift in Sources */ = {isa = PBXBuildFile; fileRef = 49C3AE942141CEC80065D991 /* XCServerTests.swift */; };
		49C3AEA02141CEC80065D991 /* XCServerUITests.swift in Sources */ = {isa = PBXBuildFile; fileRef = 49C3AE9F2141CEC80065D991 /* XCServerUITests.swift */; };
/* End PBXBuildFile section */

/* Begin PBXContainerItemProxy section */
		49C3AE912141CEC80065D991 /* PBXContainerItemProxy */ = {
			isa = PBXContainerItemProxy;
			containerPortal = 49C3AE742141CEC70065D991 /* Project object */;
			proxyType = 1;
			remoteGlobalIDString = 49C3AE7B2141CEC70065D991;
			remoteInfo = XCServer;
		};
		49C3AE9C2141CEC80065D991 /* PBXContainerItemProxy */ = {
			isa = PBXContainerItemProxy;
			containerPortal = 49C3AE742141CEC70065D991 /* Project object */;
			proxyType = 1;
			remoteGlobalIDString = 49C3AE7B2141CEC70065D991;
			remoteInfo = XCServer;
		};
/* End PBXContainerItemProxy section */

/* Begin PBXFileReference section */
		49C3AE7C2141CEC70065D991 /* XCServer.app */ = {isa = PBXFileReference; explicitFileType = wrapper.application; includeInIndex = 0; path = XCServer.app; sourceTree = BUILT_PRODUCTS_DIR; };
		49C3AE7F2141CEC70065D991 /* AppDelegate.swift */ = {isa = PBXFileReference; lastKnownFileType = sourcecode.swift; path = AppDelegate.swift; sourceTree = "<group>"; };
		49C3AE812141CEC70065D991 /* ViewController.swift */ = {isa = PBXFileReference; lastKnownFileType = sourcecode.swift; path = ViewController.swift; sourceTree = "<group>"; };
		49C3AE842141CEC70065D991 /* Base */ = {isa = PBXFileReference; lastKnownFileType = file.storyboard; name = Base; path = Base.lproj/Main.storyboard; sourceTree = "<group>"; };
		49C3AE862141CEC80065D991 /* Assets.xcassets */ = {isa = PBXFileReference; lastKnownFileType = folder.assetcatalog; path = Assets.xcassets; sourceTree = "<group>"; };
		49C3AE892141CEC80065D991 /* Base */ = {isa = PBXFileReference; lastKnownFileType = file.storyboard; name = Base; path = Base.lproj/LaunchScreen.storyboard; sourceTree = "<group>"; };
		49C3AE8B2141CEC80065D991 /* Info.plist */ = {isa = PBXFileReference; lastKnownFileType = text.plist.xml; path = Info.plist; sourceTree = "<group>"; };
		49C3AE902141CEC80065D991 /* XCServerTests.xctest */ = {isa = PBXFileReference; explicitFileType = wrapper.cfbundle; includeInIndex = 0; path = XCServerTests.xctest; sourceTree = BUILT_PRODUCTS_DIR; };
		49C3AE942141CEC80065D991 /* XCServerTests.swift */ = {isa = PBXFileReference; lastKnownFileType = sourcecode.swift; path = XCServerTests.swift; sourceTree = "<group>"; };
		49C3AE962141CEC80065D991 /* Info.plist */ = {isa = PBXFileReference; lastKnownFileType = text.plist.xml; path = Info.plist; sourceTree = "<group>"; };
		49C3AE9B2141CEC80065D991 /* XCServerUITests.xctest */ = {isa = PBXFileReference; explicitFileType = wrapper.cfbundle; includeInIndex = 0; path = XCServerUITests.xctest; sourceTree = BUILT_PRODUCTS_DIR; };
		49C3AE9F2141CEC80065D991 /* XCServerUITests.swift */ = {isa = PBXFileReference; lastKnownFileType = sourcecode.swift; path = XCServerUITests.swift; sourceTree = "<group>"; };
		49C3AEA12141CEC80065D991 /* Info.plist */ = {isa = PBXFileReference; lastKnownFileType = text.plist.xml; path = Info.plist; sourceTree = "<group>"; };
/* End PBXFileReference section */

/* Begin PBXFrameworksBuildPhase section */
		49C3AE792141CEC70065D991 /* Frameworks */ = {
			isa = PBXFrameworksBuildPhase;
			buildActionMask = 2147483647;
			files = (
			);
			runOnlyForDeploymentPostprocessing = 0;
		};
		49C3AE8D2141CEC80065D991 /* Frameworks */ = {
			isa = PBXFrameworksBuildPhase;
			buildActionMask = 2147483647;
			files = (
			);
			runOnlyForDeploymentPostprocessing = 0;
		};
		49C3AE982141CEC80065D991 /* Frameworks */ = {
			isa = PBXFrameworksBuildPhase;
			buildActionMask = 2147483647;
			files = (
			);
			runOnlyForDeploymentPostprocessing = 0;
		};
/* End PBXFrameworksBuildPhase section */

/* Begin PBXGroup section */
		49C3AE732141CEC70065D991 = {
			isa = PBXGroup;
			children = (
				49C3AE7E2141CEC70065D991 /* XCServer */,
				49C3AE932141CEC80065D991 /* XCServerTests */,
				49C3AE9E2141CEC80065D991 /* XCServerUITests */,
				49C3AE7D2141CEC70065D991 /* Products */,
			);
			sourceTree = "<group>";
		};
		49C3AE7D2141CEC70065D991 /* Products */ = {
			isa = PBXGroup;
			children = (
				49C3AE7C2141CEC70065D991 /* XCServer.app */,
				49C3AE902141CEC80065D991 /* XCServerTests.xctest */,
				49C3AE9B2141CEC80065D991 /* XCServerUITests.xctest */,
			);
			name = Products;
			sourceTree = "<group>";
		};
		49C3AE7E2141CEC70065D991 /* XCServer */ = {
			isa = PBXGroup;
			children = (
				49C3AE7F2141CEC70065D991 /* AppDelegate.swift */,
				49C3AE812141CEC70065D991 /* ViewController.swift */,
				49C3AE832141CEC70065D991 /* Main.storyboard */,
				49C3AE862141CEC80065D991 /* Assets.xcassets */,
				49C3AE882141CEC80065D991 /* LaunchScreen.storyboard */,
				49C3AE8B2141CEC80065D991 /* Info.plist */,
			);
			path = XCServer;
			sourceTree = "<group>";
		};
		49C3AE932141CEC80065D991 /* XCServerTests */ = {
			isa = PBXGroup;
			children = (
				49C3AE942141CEC80065D991 /* XCServerTests.swift */,
				49C3AE962141CEC80065D991 /* Info.plist */,
			);
			path = XCServerTests;
			sourceTree = "<group>";
		};
		49C3AE9E2141CEC80065D991 /* XCServerUITests */ = {
			isa = PBXGroup;
			children = (
				49C3AE9F2141CEC80065D991 /* XCServerUITests.swift */,
				49C3AEA12141CEC80065D991 /* Info.plist */,
			);
			path = XCServerUITests;
			sourceTree = "<group>";
		};
/* End PBXGroup section */

/* Begin PBXNativeTarget section */
		49C3AE7B2141CEC70065D991 /* XCServer */ = {
			isa = PBXNativeTarget;
			buildConfigurationList = 49C3AEA42141CEC80065D991 /* Build configuration list for PBXNativeTarget "XCServer" */;
			buildPhases = (
				49C3AE782141CEC70065D991 /* Sources */,
				49C3AE792141CEC70065D991 /* Frameworks */,
				49C3AE7A2141CEC70065D991 /* Resources */,
			);
			buildRules = (
			);
			dependencies = (
			);
			name = XCServer;
			productName = XCServer;
			productReference = 49C3AE7C2141CEC70065D991 /* XCServer.app */;
			productType = "com.apple.product-type.application";
		};
		49C3AE8F2141CEC80065D991 /* XCServerTests */ = {
			isa = PBXNativeTarget;
			buildConfigurationList = 49C3AEA72141CEC80065D991 /* Build configuration list for PBXNativeTarget "XCServerTests" */;
			buildPhases = (
				49C3AE8C2141CEC80065D991 /* Sources */,
				49C3AE8D2141CEC80065D991 /* Frameworks */,
				49C3AE8E2141CEC80065D991 /* Resources */,
			);
			buildRules = (
			);
			dependencies = (
				49C3AE922141CEC80065D991 /* PBXTargetDependency */,
			);
			name = XCServerTests;
			productName = XCServerTests;
			productReference = 49C3AE902141CEC80065D991 /* XCServerTests.xctest */;
			productType = "com.apple.product-type.bundle.unit-test";
		};
		49C3AE9A2141CEC80065D991 /* XCServerUITests */ = {
			isa = PBXNativeTarget;
			buildConfigurationList = 49C3AEAA2141CEC80065D991 /* Build configuration list for PBXNativeTarget "XCServerUITests" */;
			buildPhases = (
				49C3AE972141CEC80065D991 /* Sources */,
				49C3AE982141CEC80065D991 /* Frameworks */,
				49C3AE992141CEC80065D991 /* Resources */,
			);
			buildRules = (
			);
			dependencies = (
				49C3AE9D2141CEC80065D991 /* PBXTargetDependency */,
			);
			name = XCServerUITests;
			productName = XCServerUITests;
			productReference = 49C3AE9B2141CEC80065D991 /* XCServerUITests.xctest */;
			productType = "com.apple.product-type.bundle.ui-testing";
		};
/* End PBXNativeTarget section */

/* Begin PBXProject section */
		49C3AE742141CEC70065D991 /* Project object */ = {
			isa = PBXProject;
			attributes = {
				LastSwiftUpdateCheck = 0940;
				LastUpgradeCheck = 0940;
				ORGANIZATIONNAME = "Rodrigo Vianna";
				TargetAttributes = {
					49C3AE7B2141CEC70065D991 = {
						CreatedOnToolsVersion = 9.4.1;
					};
					49C3AE8F2141CEC80065D991 = {
						CreatedOnToolsVersion = 9.4.1;
						TestTargetID = 49C3AE7B2141CEC70065D991;
					};
					49C3AE9A2141CEC80065D991 = {
						CreatedOnToolsVersion = 9.4.1;
						TestTargetID = 49C3AE7B2141CEC70065D991;
					};
				};
			};
			buildConfigurationList = 49C3AE772141CEC70065D991 /* Build configuration list for PBXProject "XCServer" */;
			compatibilityVersion = "Xcode 9.3";
			developmentRegion = en;
			hasScannedForEncodings = 0;
			knownRegions = (
				en,
				Base,
			);
			mainGroup = 49C3AE732141CEC70065D991;
			productRefGroup = 49C3AE7D2141CEC70065D991 /* Products */;
			projectDirPath = "";
			projectRoot = "";
			targets = (
				49C3AE7B2141CEC70065D991 /* XCServer */,
				49C3AE8F2141CEC80065D991 /* XCServerTests */,
				49C3AE9A2141CEC80065D991 /* XCServerUITests */,
			);
		};
/* End PBXProject section */

/* Begin PBXResourcesBuildPhase section */
		49C3AE7A2141CEC70065D991 /* Resources */ = {
			isa = PBXResourcesBuildPhase;
			buildActionMask = 2147483647;
			files = (
				49C3AE8A2141CEC80065D991 /* LaunchScreen.storyboard in Resources */,
				49C3AE872141CEC80065D991 /* Assets.xcassets in Resources */,
				49C3AE852141CEC70065D991 /* Main.storyboard in Resources */,
			);
			runOnlyForDeploymentPostprocessing = 0;
		};
		49C3AE8E2141CEC80065D991 /* Resources */ = {
			isa = PBXResourcesBuildPhase;
			buildActionMask = 2147483647;
			files = (
			);
			runOnlyForDeploymentPostprocessing = 0;
		};
		49C3AE992141CEC80065D991 /* Resources */ = {
			isa = PBXResourcesBuildPhase;
			buildActionMask = 2147483647;
			files = (
			);
			runOnlyForDeploymentPostprocessing = 0;
		};
/* End PBXResourcesBuildPhase section */

/* Begin PBXSourcesBuildPhase section */
		49C3AE782141CEC70065D991 /* Sources */ = {
			isa = PBXSourcesBuildPhase;
			buildActionMask = 2147483647;
			files = (
				49C3AE822141CEC70065D991 /* ViewController.swift in Sources */,
				49C3AE802141CEC70065D991 /* AppDelegate.swift in Sources */,
			);
			runOnlyForDeploymentPostprocessing = 0;
		};
		49C3AE8C2141CEC80065D991 /* Sources */ = {
			isa = PBXSourcesBuildPhase;
			buildActionMask = 2147483647;
			files = (
				49C3AE952141CEC80065D991 /* XCServerTests.swift in Sources */,
			);
			runOnlyForDeploymentPostprocessing = 0;
		};
		49C3AE972141CEC80065D991 /* Sources */ = {
			isa = PBXSourcesBuildPhase;
			buildActionMask = 2147483647;
			files = (
				49C3AEA02141CEC80065D991 /* XCServerUITests.swift in Sources */,
			);
			runOnlyForDeploymentPostprocessing = 0;
		};
/* End PBXSourcesBuildPhase section */

/* Begin PBXTargetDependency section */
		49C3AE922141CEC80065D991 /* PBXTargetDependency */ = {
			isa = PBXTargetDependency;
			target = 49C3AE7B2141CEC70065D991 /* XCServer */;
			targetProxy = 49C3AE912141CEC80065D991 /* PBXContainerItemProxy */;
		};
		49C3AE9D2141CEC80065D991 /* PBXTargetDependency */ = {
			isa = PBXTargetDependency;
			target = 49C3AE7B2141CEC70065D991 /* XCServer */;
			targetProxy = 49C3AE9C2141CEC80065D991 /* PBXContainerItemProxy */;
		};
/* End PBXTargetDependency section */

/* Begin PBXVariantGroup section */
		49C3AE832141CEC70065D991 /* Main.storyboard */ = {
			isa = PBXVariantGroup;
			children = (
				49C3AE842141CEC70065D991 /* Base */,
			);
			name = Main.storyboard;
			sourceTree = "<group>";
		};
		49C3AE882141CEC80065D991 /* LaunchScreen.storyboard */ = {
			isa = PBXVariantGroup;
			children = (
				49C3AE892141CEC80065D991 /* Base */,
			);
			name = LaunchScreen.storyboard;
			sourceTree = "<group>";
		};
/* End PBXVariantGroup section */

/* Begin XCBuildConfiguration section */
		49C3AEA22141CEC80065D991 /* Debug */ = {
			isa = XCBuildConfiguration;
			buildSettings = {
				ALWAYS_SEARCH_USER_PATHS = NO;
				CLANG_ANALYZER_NONNULL = YES;
				CLANG_ANALYZER_NUMBER_OBJECT_CONVERSION = YES_AGGRESSIVE;
				CLANG_CXX_LANGUAGE_STANDARD = "gnu++14";
				CLANG_CXX_LIBRARY = "libc++";
				CLANG_ENABLE_MODULES = YES;
				CLANG_ENABLE_OBJC_ARC = YES;
				CLANG_ENABLE_OBJC_WEAK = YES;
				CLANG_WARN_BLOCK_CAPTURE_AUTORELEASING = YES;
				CLANG_WARN_BOOL_CONVERSION = YES;
				CLANG_WARN_COMMA = YES;
				CLANG_WARN_CONSTANT_CONVERSION = YES;
				CLANG_WARN_DEPRECATED_OBJC_IMPLEMENTATIONS = YES;
				CLANG_WARN_DIRECT_OBJC_ISA_USAGE = YES_ERROR;
				CLANG_WARN_DOCUMENTATION_COMMENTS = YES;
				CLANG_WARN_EMPTY_BODY = YES;
				CLANG_WARN_ENUM_CONVERSION = YES;
				CLANG_WARN_INFINITE_RECURSION = YES;
				CLANG_WARN_INT_CONVERSION = YES;
				CLANG_WARN_NON_LITERAL_NULL_CONVERSION = YES;
				CLANG_WARN_OBJC_IMPLICIT_RETAIN_SELF = YES;
				CLANG_WARN_OBJC_LITERAL_CONVERSION = YES;
				CLANG_WARN_OBJC_ROOT_CLASS = YES_ERROR;
				CLANG_WARN_RANGE_LOOP_ANALYSIS = YES;
				CLANG_WARN_STRICT_PROTOTYPES = YES;
				CLANG_WARN_SUSPICIOUS_MOVE = YES;
				CLANG_WARN_UNGUARDED_AVAILABILITY = YES_AGGRESSIVE;
				CLANG_WARN_UNREACHABLE_CODE = YES;
				CLANG_WARN__DUPLICATE_METHOD_MATCH = YES;
				CODE_SIGN_IDENTITY = "iPhone Developer";
				COPY_PHASE_STRIP = NO;
				DEBUG_INFORMATION_FORMAT = dwarf;
				ENABLE_STRICT_OBJC_MSGSEND = YES;
				ENABLE_TESTABILITY = YES;
				GCC_C_LANGUAGE_STANDARD = gnu11;
				GCC_DYNAMIC_NO_PIC = NO;
				GCC_NO_COMMON_BLOCKS = YES;
				GCC_OPTIMIZATION_LEVEL = 0;
				GCC_PREPROCESSOR_DEFINITIONS = (
					"DEBUG=1",
					"$(inherited)",
				);
				GCC_WARN_64_TO_32_BIT_CONVERSION = YES;
				GCC_WARN_ABOUT_RETURN_TYPE = YES_ERROR;
				GCC_WARN_UNDECLARED_SELECTOR = YES;
				GCC_WARN_UNINITIALIZED_AUTOS = YES_AGGRESSIVE;
				GCC_WARN_UNUSED_FUNCTION = YES;
				GCC_WARN_UNUSED_VARIABLE = YES;
				IPHONEOS_DEPLOYMENT_TARGET = 11.4;
				MTL_ENABLE_DEBUG_INFO = YES;
				ONLY_ACTIVE_ARCH = YES;
				SDKROOT = iphoneos;
				SWIFT_ACTIVE_COMPILATION_CONDITIONS = DEBUG;
				SWIFT_OPTIMIZATION_LEVEL = "-Onone";
			};
			name = Debug;
		};
		49C3AEA32141CEC80065D991 /* Release */ = {
			isa = XCBuildConfiguration;
			buildSettings = {
				ALWAYS_SEARCH_USER_PATHS = NO;
				CLANG_ANALYZER_NONNULL = YES;
				CLANG_ANALYZER_NUMBER_OBJECT_CONVERSION = YES_AGGRESSIVE;
				CLANG_CXX_LANGUAGE_STANDARD = "gnu++14";
				CLANG_CXX_LIBRARY = "libc++";
				CLANG_ENABLE_MODULES = YES;
				CLANG_ENABLE_OBJC_ARC = YES;
				CLANG_ENABLE_OBJC_WEAK = YES;
				CLANG_WARN_BLOCK_CAPTURE_AUTORELEASING = YES;
				CLANG_WARN_BOOL_CONVERSION = YES;
				CLANG_WARN_COMMA = YES;
				CLANG_WARN_CONSTANT_CONVERSION = YES;
				CLANG_WARN_DEPRECATED_OBJC_IMPLEMENTATIONS = YES;
				CLANG_WARN_DIRECT_OBJC_ISA_USAGE = YES_ERROR;
				CLANG_WARN_DOCUMENTATION_COMMENTS = YES;
				CLANG_WARN_EMPTY_BODY = YES;
				CLANG_WARN_ENUM_CONVERSION = YES;
				CLANG_WARN_INFINITE_RECURSION = YES;
				CLANG_WARN_INT_CONVERSION = YES;
				CLANG_WARN_NON_LITERAL_NULL_CONVERSION = YES;
				CLANG_WARN_OBJC_IMPLICIT_RETAIN_SELF = YES;
				CLANG_WARN_OBJC_LITERAL_CONVERSION = YES;
				CLANG_WARN_OBJC_ROOT_CLASS = YES_ERROR;
				CLANG_WARN_RANGE_LOOP_ANALYSIS = YES;
				CLANG_WARN_STRICT_PROTOTYPES = YES;
				CLANG_WARN_SUSPICIOUS_MOVE = YES;
				CLANG_WARN_UNGUARDED_AVAILABILITY = YES_AGGRESSIVE;
				CLANG_WARN_UNREACHABLE_CODE = YES;
				CLANG_WARN__DUPLICATE_METHOD_MATCH = YES;
				CODE_SIGN_IDENTITY = "iPhone Developer";
				COPY_PHASE_STRIP = NO;
				DEBUG_INFORMATION_FORMAT = "dwarf-with-dsym";
				ENABLE_NS_ASSERTIONS = NO;
				ENABLE_STRICT_OBJC_MSGSEND = YES;
				GCC_C_LANGUAGE_STANDARD = gnu11;
				GCC_NO_COMMON_BLOCKS = YES;
				GCC_WARN_64_TO_32_BIT_CONVERSION = YES;
				GCC_WARN_ABOUT_RETURN_TYPE = YES_ERROR;
				GCC_WARN_UNDECLARED_SELECTOR = YES;
				GCC_WARN_UNINITIALIZED_AUTOS = YES_AGGRESSIVE;
				GCC_WARN_UNUSED_FUNCTION = YES;
				GCC_WARN_UNUSED_VARIABLE = YES;
				IPHONEOS_DEPLOYMENT_TARGET = 11.4;
				MTL_ENABLE_DEBUG_INFO = NO;
				SDKROOT = iphoneos;
				SWIFT_COMPILATION_MODE = wholemodule;
				SWIFT_OPTIMIZATION_LEVEL = "-O";
				VALIDATE_PRODUCT = YES;
			};
			name = Release;
		};
		49C3AEA52141CEC80065D991 /* Debug */ = {
			isa = XCBuildConfiguration;
			buildSettings = {
				ASSETCATALOG_COMPILER_APPICON_NAME = AppIcon;
				CODE_SIGN_STYLE = Automatic;
				DEVELOPMENT_TEAM = W2EVZPD948;
				INFOPLIST_FILE = XCServer/Info.plist;
				LD_RUNPATH_SEARCH_PATHS = (
					"$(inherited)",
					"@executable_path/Frameworks",
				);
				PRODUCT_BUNDLE_IDENTIFIER = com.br.XCServer;
				PRODUCT_NAME = "$(TARGET_NAME)";
				SWIFT_VERSION = 4.0;
				TARGETED_DEVICE_FAMILY = "1,2";
			};
			name = Debug;
		};
		49C3AEA62141CEC80065D991 /* Release */ = {
			isa = XCBuildConfiguration;
			buildSettings = {
				ASSETCATALOG_COMPILER_APPICON_NAME = AppIcon;
				CODE_SIGN_STYLE = Automatic;
				DEVELOPMENT_TEAM = W2EVZPD948;
				INFOPLIST_FILE = XCServer/Info.plist;
				LD_RUNPATH_SEARCH_PATHS = (
					"$(inherited)",
					"@executable_path/Frameworks",
				);
				PRODUCT_BUNDLE_IDENTIFIER = com.br.XCServer;
				PRODUCT_NAME = "$(TARGET_NAME)";
				SWIFT_VERSION = 4.0;
				TARGETED_DEVICE_FAMILY = "1,2";
			};
			name = Release;
		};
		49C3AEA82141CEC80065D991 /* Debug */ = {
			isa = XCBuildConfiguration;
			buildSettings = {
				ALWAYS_EMBED_SWIFT_STANDARD_LIBRARIES = YES;
				BUNDLE_LOADER = "$(TEST_HOST)";
				CODE_SIGN_STYLE = Automatic;
				DEVELOPMENT_TEAM = W2EVZPD948;
				INFOPLIST_FILE = XCServerTests/Info.plist;
				LD_RUNPATH_SEARCH_PATHS = (
					"$(inherited)",
					"@executable_path/Frameworks",
					"@loader_path/Frameworks",
				);
				PRODUCT_BUNDLE_IDENTIFIER = com.br.XCServerTests;
				PRODUCT_NAME = "$(TARGET_NAME)";
				SWIFT_VERSION = 4.0;
				TARGETED_DEVICE_FAMILY = "1,2";
				TEST_HOST = "$(BUILT_PRODUCTS_DIR)/XCServer.app/XCServer";
			};
			name = Debug;
		};
		49C3AEA92141CEC80065D991 /* Release */ = {
			isa = XCBuildConfiguration;
			buildSettings = {
				ALWAYS_EMBED_SWIFT_STANDARD_LIBRARIES = YES;
				BUNDLE_LOADER = "$(TEST_HOST)";
				CODE_SIGN_STYLE = Automatic;
				DEVELOPMENT_TEAM = W2EVZPD948;
				INFOPLIST_FILE = XCServerTests/Info.plist;
				LD_RUNPATH_SEARCH_PATHS = (
					"$(inherited)",
					"@executable_path/Frameworks",
					"@loader_path/Frameworks",
				);
				PRODUCT_BUNDLE_IDENTIFIER = com.br.XCServerTests;
				PRODUCT_NAME = "$(TARGET_NAME)";
				SWIFT_VERSION = 4.0;
				TARGETED_DEVICE_FAMILY = "1,2";
				TEST_HOST = "$(BUILT_PRODUCTS_DIR)/XCServer.app/XCServer";
			};
			name = Release;
		};
		49C3AEAB2141CEC80065D991 /* Debug */ = {
			isa = XCBuildConfiguration;
			buildSettings = {
				ALWAYS_EMBED_SWIFT_STANDARD_LIBRARIES = YES;
				CODE_SIGN_STYLE = Automatic;
				DEVELOPMENT_TEAM = W2EVZPD948;
				INFOPLIST_FILE = XCServerUITests/Info.plist;
				LD_RUNPATH_SEARCH_PATHS = (
					"$(inherited)",
					"@executable_path/Frameworks",
					"@loader_path/Frameworks",
				);
				PRODUCT_BUNDLE_IDENTIFIER = com.br.XCServerUITests;
				PRODUCT_NAME = "$(TARGET_NAME)";
				SWIFT_VERSION = 4.0;
				TARGETED_DEVICE_FAMILY = "1,2";
				TEST_TARGET_NAME = XCServer;
			};
			name = Debug;
		};
		49C3AEAC2141CEC80065D991 /* Release */ = {
			isa = XCBuildConfiguration;
			buildSettings = {
				ALWAYS_EMBED_SWIFT_STANDARD_LIBRARIES = YES;
				CODE_SIGN_STYLE = Automatic;
				DEVELOPMENT_TEAM = W2EVZPD948;
				INFOPLIST_FILE = XCServerUITests/Info.plist;
				LD_RUNPATH_SEARCH_PATHS = (
					"$(inherited)",
					"@executable_path/Frameworks",
					"@loader_path/Frameworks",
				);
				PRODUCT_BUNDLE_IDENTIFIER = com.br.XCServerUITests;
				PRODUCT_NAME = "$(TARGET_NAME)";
				SWIFT_VERSION = 4.0;
				TARGETED_DEVICE_FAMILY = "1,2";
				TEST_TARGET_NAME = XCServer;
			};
			name = Release;
		};
/* End XCBuildConfiguration section */

/* Begin XCConfigurationList section */
		49C3AE772141CEC70065D991 /* Build configuration list for PBXProject "XCServer" */ = {
			isa = XCConfigurationList;
			buildConfigurations = (
				49C3AEA22141CEC80065D991 /* Debug */,
				49C3AEA32141CEC80065D991 /* Release */,
			);
			defaultConfigurationIsVisible = 0;
			defaultConfigurationName = Release;
		};
		49C3AEA42141CEC80065D991 /* Build configuration list for PBXNativeTarget "XCServer" */ = {
			isa = XCConfigurationList;
			buildConfigurations = (
				49C3AEA52141CEC80065D991 /* Debug */,
				49C3AEA62141CEC80065D991 /* Release */,
			);
			defaultConfigurationIsVisible = 0;
			defaultConfigurationName = Release;
		};
		49C3AEA72141CEC80065D991 /* Build configuration list for PBXNativeTarget "XCServerTests" */ = {
			isa = XCConfigurationList;
			buildConfigurations = (
				49C3AEA82141CEC80065D991 /* Debug */,
				49C3AEA92141CEC80065D991 /* Release */,
			);
			defaultConfigurationIsVisible = 0;
			defaultConfigurationName = Release;
		};
		49C3AEAA2141CEC80065D991 /* Build configuration list for PBXNativeTarget "XCServerUITests" */ = {
			isa = XCConfigurationList;
			buildConfigurations = (
				49C3AEAB2141CEC80065D991 /* Debug */,
				49C3AEAC2141CEC80065D991 /* Release */,
			);
			defaultConfigurationIsVisible = 0;
			defaultConfigurationName = Release;
		};
/* End XCConfigurationList section */
	};
	rootObject = 49C3AE742141CEC70065D991 /* Project object */;
}
